// !$*UTF8*$!
{
	archiveVersion = 1;
	classes = {
	};
	objectVersion = 46;
	objects = {

/* Begin PBXBuildFile section */
		04F2E21F6F389234FAA67C4A /* MyPrefixCustomersMasterTableDelegate.swift in Sources */ = {isa = PBXBuildFile; fileRef = 1C26A8211EA10C22F3A2F6F3 /* MyPrefixCustomersMasterTableDelegate.swift */; };
		09D86AB8A9E842C92011F487 /* MyPrefixStockMasterTableDelegate.swift in Sources */ = {isa = PBXBuildFile; fileRef = 9E862FF998289A2336F19A76 /* MyPrefixStockMasterTableDelegate.swift */; };
		128604DA1E55B41600C698B5 /* SAPCommon.framework in Frameworks */ = {isa = PBXBuildFile; fileRef = 128604D91E55B41600C698B5 /* SAPCommon.framework */; };
		128604DB1E55B43B00C698B5 /* SAPCommon.framework in Embed Frameworks */ = {isa = PBXBuildFile; fileRef = 128604D91E55B41600C698B5 /* SAPCommon.framework */; settings = {ATTRIBUTES = (CodeSignOnCopy, RemoveHeadersOnCopy, ); }; };
		12E07EF21E96851800460A94 /* CollectionType.swift in Sources */ = {isa = PBXBuildFile; fileRef = 12E07EF11E96851800460A94 /* CollectionType.swift */; };
		1D4891C551B203C9B1E8DDB4 /* MyPrefixSalesOrderItem.swift in Sources */ = {isa = PBXBuildFile; fileRef = 1082D58ACE5B3A4C3A26FC41 /* MyPrefixSalesOrderItem.swift */; };
		21D9606352A7CE1987ADB1FA /* MyPrefixProductsMasterTableDelegate.swift in Sources */ = {isa = PBXBuildFile; fileRef = B2344DA16790890CA88EB76E /* MyPrefixProductsMasterTableDelegate.swift */; };
		2D6912F123CFB4E14615EFFE /* MyPrefixSalesOrderHeader.swift in Sources */ = {isa = PBXBuildFile; fileRef = 9DCD304D4457423DD611464B /* MyPrefixSalesOrderHeader.swift */; };
		3B4E017F2763B66D44C04565 /* MyPrefixProductCategory.swift in Sources */ = {isa = PBXBuildFile; fileRef = 717E363F92B4ED6257F9AC8D /* MyPrefixProductCategory.swift */; };
		475DE5163AF762C1E48B6AE6 /* MyPrefixMyServiceClassDataAccess.swift in Sources */ = {isa = PBXBuildFile; fileRef = 6D94B281C22C10A9869C49C8 /* MyPrefixMyServiceClassDataAccess.swift */; };
		53C6103E921BEFB8FAA88360 /* MyPrefixSalesOrderHeaderDetailTableDelegate.swift in Sources */ = {isa = PBXBuildFile; fileRef = 73C22ECB0684AB503D0D3B10 /* MyPrefixSalesOrderHeaderDetailTableDelegate.swift */; };
		5D4B7D9CCA269034241BBFCC /* MyPrefixMyServiceClass.swift in Sources */ = {isa = PBXBuildFile; fileRef = 15588C5E5CD69037C561B465 /* MyPrefixMyServiceClass.swift */; };
		622126306E2794B2E854CC2B /* MyPrefixPurchaseOrderItemsMasterTableDelegate.swift in Sources */ = {isa = PBXBuildFile; fileRef = AC6817B1F31C36C4C6F58F46 /* MyPrefixPurchaseOrderItemsMasterTableDelegate.swift */; };
		666AFB2AE107413BEA747B1E /* MyPrefixProductDetailTableDelegate.swift in Sources */ = {isa = PBXBuildFile; fileRef = BAB6AE0388F3FED965166240 /* MyPrefixProductDetailTableDelegate.swift */; };
		67EEAD615D8AED8C46E92491 /* MyPrefixPurchaseOrderHeaderDetailTableDelegate.swift in Sources */ = {isa = PBXBuildFile; fileRef = 44F7350E49AEDA7CB5C1121C /* MyPrefixPurchaseOrderHeaderDetailTableDelegate.swift */; };
		6CA432C9A886C7720B7B9E4A /* MyPrefixCustomer.swift in Sources */ = {isa = PBXBuildFile; fileRef = 30D59BEA222951DB918F209E /* MyPrefixCustomer.swift */; };
		753AAE9E1DCA20B400972B8E /* BuildFile in Sources */ = {isa = PBXBuildFile; };
		753AAE9F1DCA20B400972B8E /* BuildFile in Sources */ = {isa = PBXBuildFile; };
		756192211DBE1A99007F562C /* SAPOData.framework in Frameworks */ = {isa = PBXBuildFile; fileRef = 7561921A1DBE1A90007F562C /* SAPOData.framework */; };
		756192221DBE1A99007F562C /* SAPOData.framework in Embed Frameworks */ = {isa = PBXBuildFile; fileRef = 7561921A1DBE1A90007F562C /* SAPOData.framework */; settings = {ATTRIBUTES = (CodeSignOnCopy, RemoveHeadersOnCopy, ); }; };
		7569DA531E5C717C00C5D751 /* SAPFoundation.framework in Frameworks */ = {isa = PBXBuildFile; fileRef = 7569DA511E5C716A00C5D751 /* SAPFoundation.framework */; };
		7569DA541E5C717C00C5D751 /* SAPFoundation.framework in Embed Frameworks */ = {isa = PBXBuildFile; fileRef = 7569DA511E5C716A00C5D751 /* SAPFoundation.framework */; settings = {ATTRIBUTES = (CodeSignOnCopy, RemoveHeadersOnCopy, ); }; };
		759BA2701E6821A7001C32BA /* SAPFiori.framework in Frameworks */ = {isa = PBXBuildFile; fileRef = 759BA26F1E6821A7001C32BA /* SAPFiori.framework */; };
		759BA2721E6821AF001C32BA /* SAPFiori.framework in Embed Frameworks */ = {isa = PBXBuildFile; fileRef = 759BA26F1E6821A7001C32BA /* SAPFiori.framework */; settings = {ATTRIBUTES = (CodeSignOnCopy, RemoveHeadersOnCopy, ); }; };
		75AC42D11DAF824D00B445FF /* MasterViewController.swift in Sources */ = {isa = PBXBuildFile; fileRef = 75AC42CB1DAF824D00B445FF /* MasterViewController.swift */; };
		75AC42D21DAF824D00B445FF /* DetailViewController.swift in Sources */ = {isa = PBXBuildFile; fileRef = 75AC42CC1DAF824D00B445FF /* DetailViewController.swift */; };
		75AC42D31DAF824D00B445FF /* BasicAuthViewController.swift in Sources */ = {isa = PBXBuildFile; fileRef = 75AC42CD1DAF824D00B445FF /* BasicAuthViewController.swift */; };
		75AC42D41DAF824D00B445FF /* CollectionsViewController.swift in Sources */ = {isa = PBXBuildFile; fileRef = 75AC42CE1DAF824D00B445FF /* CollectionsViewController.swift */; };
		75AC42DA1DAF868400B445FF /* Notifier.swift in Sources */ = {isa = PBXBuildFile; fileRef = 75AC42D91DAF868400B445FF /* Notifier.swift */; };
		75AC42DC1DAF988700B445FF /* MasterTableDelegate.swift in Sources */ = {isa = PBXBuildFile; fileRef = 75AC42DB1DAF988700B445FF /* MasterTableDelegate.swift */; };
		75AC42DE1DAF988D00B445FF /* DetailTableDelegate.swift in Sources */ = {isa = PBXBuildFile; fileRef = 75AC42DD1DAF988D00B445FF /* DetailTableDelegate.swift */; };
		75C120341E682327005E9FD2 /* SAPOfflineOData.framework in Frameworks */ = {isa = PBXBuildFile; fileRef = 75C120331E682327005E9FD2 /* SAPOfflineOData.framework */; };
		75C120361E68232D005E9FD2 /* SAPOfflineOData.framework in Embed Frameworks */ = {isa = PBXBuildFile; fileRef = 75C120331E682327005E9FD2 /* SAPOfflineOData.framework */; settings = {ATTRIBUTES = (CodeSignOnCopy, RemoveHeadersOnCopy, ); }; };
		75DD10A41DC1F23B007EB4BC /* TypeValidator.swift in Sources */ = {isa = PBXBuildFile; fileRef = 75DD10A31DC1F23B007EB4BC /* TypeValidator.swift */; };
		7A1315B91D4B982000A5DA56 /* AppDelegate.swift in Sources */ = {isa = PBXBuildFile; fileRef = 7A1315B81D4B982000A5DA56 /* AppDelegate.swift */; };
		7A1315C21D4B982000A5DA56 /* Assets.xcassets in Resources */ = {isa = PBXBuildFile; fileRef = 7A1315C11D4B982000A5DA56 /* Assets.xcassets */; };
		7A1315C51D4B982000A5DA56 /* LaunchScreen.storyboard in Resources */ = {isa = PBXBuildFile; fileRef = 7A1315C31D4B982000A5DA56 /* LaunchScreen.storyboard */; };
		7AB2C56D1D50A95E00D1F039 /* Constants.swift in Sources */ = {isa = PBXBuildFile; fileRef = 7AB2C56C1D50A95E00D1F039 /* Constants.swift */; };
		808F73F242D5B942C7194333 /* MyPrefixPurchaseOrderItemDetailTableDelegate.swift in Sources */ = {isa = PBXBuildFile; fileRef = 8744B77315D8C4918FBD9FC2 /* MyPrefixPurchaseOrderItemDetailTableDelegate.swift */; };
		80BDD065AEB006CD67CE09E6 /* MyPrefixSupplier.swift in Sources */ = {isa = PBXBuildFile; fileRef = 6A943DB8AE80204BDE534CD1 /* MyPrefixSupplier.swift */; };
		87267C6C27249E1BC3202F83 /* MyPrefixProductCategoryDetailTableDelegate.swift in Sources */ = {isa = PBXBuildFile; fileRef = 3B48A0BFDF1CF7DB3E204946 /* MyPrefixProductCategoryDetailTableDelegate.swift */; };
		8BA22B94F7C89A4D7D772BEA /* MyPrefixProductText.swift in Sources */ = {isa = PBXBuildFile; fileRef = 7F8C911F4F9881E99881542C /* MyPrefixProductText.swift */; };
		968B2546228324B1D134565D /* MyPrefixSalesOrderItemsMasterTableDelegate.swift in Sources */ = {isa = PBXBuildFile; fileRef = 4C8DE4F0E41FB89F744C8FA0 /* MyPrefixSalesOrderItemsMasterTableDelegate.swift */; };
		9AE44356A2D8DB91549E44C6 /* MyPrefixSuppliersMasterTableDelegate.swift in Sources */ = {isa = PBXBuildFile; fileRef = 08C8C3685CEEFB4F18B28247 /* MyPrefixSuppliersMasterTableDelegate.swift */; };
		AB6C244F3CD030523325D492 /* MyPrefixMyServiceClassMetadata.swift in Sources */ = {isa = PBXBuildFile; fileRef = 7905849E4FE71DF87915E400 /* MyPrefixMyServiceClassMetadata.swift */; };
		AED0E69AA777D345CB085279 /* MyPrefixSalesOrderHeadersMasterTableDelegate.swift in Sources */ = {isa = PBXBuildFile; fileRef = C92E4519F1F2B379D95610EF /* MyPrefixSalesOrderHeadersMasterTableDelegate.swift */; };
		B217D321AEA2A987EA4F8E52 /* MyPrefixProduct.swift in Sources */ = {isa = PBXBuildFile; fileRef = D82F37B0575975DFAF5A54F2 /* MyPrefixProduct.swift */; };
		BB9E02EFFDF30CA8189D627C /* MyPrefixStockDetailTableDelegate.swift in Sources */ = {isa = PBXBuildFile; fileRef = 6B7406ACE92AD02D648D93BB /* MyPrefixStockDetailTableDelegate.swift */; };
		C1416F94B2639D5A9F73C8CC /* MyPrefixProductTextDetailTableDelegate.swift in Sources */ = {isa = PBXBuildFile; fileRef = 35D1BA5748508A736285F972 /* MyPrefixProductTextDetailTableDelegate.swift */; };
		C438A7C788E707B29B5403C1 /* MyPrefixPurchaseOrderHeader.swift in Sources */ = {isa = PBXBuildFile; fileRef = 660B2A62AF262EF7A67D4F6F /* MyPrefixPurchaseOrderHeader.swift */; };
		CBCA7A991E3778A9001AF49E /* Main.storyboard in Resources */ = {isa = PBXBuildFile; fileRef = CBCA7A9B1E3778A9001AF49E /* Main.storyboard */; };
		CBF918211DCC95B30037332A /* LoadingIndicator.swift in Sources */ = {isa = PBXBuildFile; fileRef = CBF918201DCC95B30037332A /* LoadingIndicator.swift */; };
		CD4537597E09E6F6092744E3 /* MyPrefixCustomerDetailTableDelegate.swift in Sources */ = {isa = PBXBuildFile; fileRef = D6281714EE5BAD735476FC0F /* MyPrefixCustomerDetailTableDelegate.swift */; };
		E0C093C315FD6396CC77E8ED /* MyPrefixPurchaseOrderItem.swift in Sources */ = {isa = PBXBuildFile; fileRef = C437739A9EAD356719C6F72B /* MyPrefixPurchaseOrderItem.swift */; };
		E5665711A0AE9F4F5D4475C0 /* MyPrefixPurchaseOrderHeadersMasterTableDelegate.swift in Sources */ = {isa = PBXBuildFile; fileRef = D6A48BBA4ED6C94F4996D19E /* MyPrefixPurchaseOrderHeadersMasterTableDelegate.swift */; };
		E5D4FC06D94C64149DBA0572 /* MyPrefixSalesOrderItemDetailTableDelegate.swift in Sources */ = {isa = PBXBuildFile; fileRef = 8CF1E314B98A83ABA7B340D7 /* MyPrefixSalesOrderItemDetailTableDelegate.swift */; };
		EB6FA23F7C4A55021A9661D1 /* MyPrefixSupplierDetailTableDelegate.swift in Sources */ = {isa = PBXBuildFile; fileRef = 6D9065564F6D93077B8A94A9 /* MyPrefixSupplierDetailTableDelegate.swift */; };
		EF3F447C2D7115F289D2CCA7 /* MyPrefixStock.swift in Sources */ = {isa = PBXBuildFile; fileRef = 61F7C81AA2E826FC3C1044F6 /* MyPrefixStock.swift */; };
		F83E1A073453ED17C6E24FB6 /* MyPrefixProductCategoriesMasterTableDelegate.swift in Sources */ = {isa = PBXBuildFile; fileRef = 1037610A5DECB42F5D146A3D /* MyPrefixProductCategoriesMasterTableDelegate.swift */; };
		FBF739BC5859C5149D43EE2A /* MyPrefixProductTextsMasterTableDelegate.swift in Sources */ = {isa = PBXBuildFile; fileRef = 9560707223C4A5C0CC732569 /* MyPrefixProductTextsMasterTableDelegate.swift */; };
/* End PBXBuildFile section */

/* Begin PBXCopyFilesBuildPhase section */
		758AC1C31D5A265200311F39 /* Embed Frameworks */ = {
			isa = PBXCopyFilesBuildPhase;
			buildActionMask = 2147483647;
			dstPath = "";
			dstSubfolderSpec = 10;
			files = (
				7569DA541E5C717C00C5D751 /* SAPFoundation.framework in Embed Frameworks */,
				128604DB1E55B43B00C698B5 /* SAPCommon.framework in Embed Frameworks */,
				75C120361E68232D005E9FD2 /* SAPOfflineOData.framework in Embed Frameworks */,
				756192221DBE1A99007F562C /* SAPOData.framework in Embed Frameworks */,
				759BA2721E6821AF001C32BA /* SAPFiori.framework in Embed Frameworks */,
			);
			name = "Embed Frameworks";
			runOnlyForDeploymentPostprocessing = 0;
		};
/* End PBXCopyFilesBuildPhase section */

/* Begin PBXFileReference section */
		08C8C3685CEEFB4F18B28247 /* MyPrefixSuppliersMasterTableDelegate.swift */ = {isa = PBXFileReference; includeInIndex = 1; lastKnownFileType = sourcecode.swift; name = MyPrefixSuppliersMasterTableDelegate.swift; path = TableDelegates/MasterTableDelegates/MyPrefixSuppliersMasterTableDelegate.swift; sourceTree = "<group>"; };
		1037610A5DECB42F5D146A3D /* MyPrefixProductCategoriesMasterTableDelegate.swift */ = {isa = PBXFileReference; includeInIndex = 1; lastKnownFileType = sourcecode.swift; name = MyPrefixProductCategoriesMasterTableDelegate.swift; path = TableDelegates/MasterTableDelegates/MyPrefixProductCategoriesMasterTableDelegate.swift; sourceTree = "<group>"; };
		1082D58ACE5B3A4C3A26FC41 /* MyPrefixSalesOrderItem.swift */ = {isa = PBXFileReference; includeInIndex = 1; lastKnownFileType = sourcecode.swift; name = MyPrefixSalesOrderItem.swift; path = "Proxy Classes/com.sap.OEA.openSAP/public/MyPrefixSalesOrderItem.swift"; sourceTree = "<group>"; };
		128604D91E55B41600C698B5 /* SAPCommon.framework */ = {isa = PBXFileReference; lastKnownFileType = wrapper.framework; path = SAPCommon.framework; sourceTree = "<group>"; };
		12E07EF11E96851800460A94 /* CollectionType.swift */ = {isa = PBXFileReference; fileEncoding = 4; lastKnownFileType = sourcecode.swift; path = CollectionType.swift; sourceTree = "<group>"; };
		15588C5E5CD69037C561B465 /* MyPrefixMyServiceClass.swift */ = {isa = PBXFileReference; includeInIndex = 1; lastKnownFileType = sourcecode.swift; name = MyPrefixMyServiceClass.swift; path = "Proxy Classes/com.sap.OEA.openSAP/public/MyPrefixMyServiceClass.swift"; sourceTree = "<group>"; };
		1C26A8211EA10C22F3A2F6F3 /* MyPrefixCustomersMasterTableDelegate.swift */ = {isa = PBXFileReference; includeInIndex = 1; lastKnownFileType = sourcecode.swift; name = MyPrefixCustomersMasterTableDelegate.swift; path = TableDelegates/MasterTableDelegates/MyPrefixCustomersMasterTableDelegate.swift; sourceTree = "<group>"; };
		30D59BEA222951DB918F209E /* MyPrefixCustomer.swift */ = {isa = PBXFileReference; includeInIndex = 1; lastKnownFileType = sourcecode.swift; name = MyPrefixCustomer.swift; path = "Proxy Classes/com.sap.OEA.openSAP/public/MyPrefixCustomer.swift"; sourceTree = "<group>"; };
		35D1BA5748508A736285F972 /* MyPrefixProductTextDetailTableDelegate.swift */ = {isa = PBXFileReference; includeInIndex = 1; lastKnownFileType = sourcecode.swift; name = MyPrefixProductTextDetailTableDelegate.swift; path = TableDelegates/DetailTableDelegates/MyPrefixProductTextDetailTableDelegate.swift; sourceTree = "<group>"; };
		3B48A0BFDF1CF7DB3E204946 /* MyPrefixProductCategoryDetailTableDelegate.swift */ = {isa = PBXFileReference; includeInIndex = 1; lastKnownFileType = sourcecode.swift; name = MyPrefixProductCategoryDetailTableDelegate.swift; path = TableDelegates/DetailTableDelegates/MyPrefixProductCategoryDetailTableDelegate.swift; sourceTree = "<group>"; };
		44F7350E49AEDA7CB5C1121C /* MyPrefixPurchaseOrderHeaderDetailTableDelegate.swift */ = {isa = PBXFileReference; includeInIndex = 1; lastKnownFileType = sourcecode.swift; name = MyPrefixPurchaseOrderHeaderDetailTableDelegate.swift; path = TableDelegates/DetailTableDelegates/MyPrefixPurchaseOrderHeaderDetailTableDelegate.swift; sourceTree = "<group>"; };
		4C8DE4F0E41FB89F744C8FA0 /* MyPrefixSalesOrderItemsMasterTableDelegate.swift */ = {isa = PBXFileReference; includeInIndex = 1; lastKnownFileType = sourcecode.swift; name = MyPrefixSalesOrderItemsMasterTableDelegate.swift; path = TableDelegates/MasterTableDelegates/MyPrefixSalesOrderItemsMasterTableDelegate.swift; sourceTree = "<group>"; };
		61F7C81AA2E826FC3C1044F6 /* MyPrefixStock.swift */ = {isa = PBXFileReference; includeInIndex = 1; lastKnownFileType = sourcecode.swift; name = MyPrefixStock.swift; path = "Proxy Classes/com.sap.OEA.openSAP/public/MyPrefixStock.swift"; sourceTree = "<group>"; };
		660B2A62AF262EF7A67D4F6F /* MyPrefixPurchaseOrderHeader.swift */ = {isa = PBXFileReference; includeInIndex = 1; lastKnownFileType = sourcecode.swift; name = MyPrefixPurchaseOrderHeader.swift; path = "Proxy Classes/com.sap.OEA.openSAP/public/MyPrefixPurchaseOrderHeader.swift"; sourceTree = "<group>"; };
		6A943DB8AE80204BDE534CD1 /* MyPrefixSupplier.swift */ = {isa = PBXFileReference; includeInIndex = 1; lastKnownFileType = sourcecode.swift; name = MyPrefixSupplier.swift; path = "Proxy Classes/com.sap.OEA.openSAP/public/MyPrefixSupplier.swift"; sourceTree = "<group>"; };
		6B7406ACE92AD02D648D93BB /* MyPrefixStockDetailTableDelegate.swift */ = {isa = PBXFileReference; includeInIndex = 1; lastKnownFileType = sourcecode.swift; name = MyPrefixStockDetailTableDelegate.swift; path = TableDelegates/DetailTableDelegates/MyPrefixStockDetailTableDelegate.swift; sourceTree = "<group>"; };
		6D9065564F6D93077B8A94A9 /* MyPrefixSupplierDetailTableDelegate.swift */ = {isa = PBXFileReference; includeInIndex = 1; lastKnownFileType = sourcecode.swift; name = MyPrefixSupplierDetailTableDelegate.swift; path = TableDelegates/DetailTableDelegates/MyPrefixSupplierDetailTableDelegate.swift; sourceTree = "<group>"; };
		6D94B281C22C10A9869C49C8 /* MyPrefixMyServiceClassDataAccess.swift */ = {isa = PBXFileReference; includeInIndex = 1; lastKnownFileType = sourcecode.swift; path = MyPrefixMyServiceClassDataAccess.swift; sourceTree = "<group>"; };
		717E363F92B4ED6257F9AC8D /* MyPrefixProductCategory.swift */ = {isa = PBXFileReference; includeInIndex = 1; lastKnownFileType = sourcecode.swift; name = MyPrefixProductCategory.swift; path = "Proxy Classes/com.sap.OEA.openSAP/public/MyPrefixProductCategory.swift"; sourceTree = "<group>"; };
		73C22ECB0684AB503D0D3B10 /* MyPrefixSalesOrderHeaderDetailTableDelegate.swift */ = {isa = PBXFileReference; includeInIndex = 1; lastKnownFileType = sourcecode.swift; name = MyPrefixSalesOrderHeaderDetailTableDelegate.swift; path = TableDelegates/DetailTableDelegates/MyPrefixSalesOrderHeaderDetailTableDelegate.swift; sourceTree = "<group>"; };
		7561921A1DBE1A90007F562C /* SAPOData.framework */ = {isa = PBXFileReference; lastKnownFileType = wrapper.framework; path = SAPOData.framework; sourceTree = "<group>"; };
		7569DA511E5C716A00C5D751 /* SAPFoundation.framework */ = {isa = PBXFileReference; lastKnownFileType = wrapper.framework; path = SAPFoundation.framework; sourceTree = "<group>"; };
		759BA26F1E6821A7001C32BA /* SAPFiori.framework */ = {isa = PBXFileReference; lastKnownFileType = wrapper.framework; path = SAPFiori.framework; sourceTree = "<group>"; };
		75AC42CB1DAF824D00B445FF /* MasterViewController.swift */ = {isa = PBXFileReference; fileEncoding = 4; lastKnownFileType = sourcecode.swift; path = MasterViewController.swift; sourceTree = "<group>"; };
		75AC42CC1DAF824D00B445FF /* DetailViewController.swift */ = {isa = PBXFileReference; fileEncoding = 4; lastKnownFileType = sourcecode.swift; path = DetailViewController.swift; sourceTree = "<group>"; };
		75AC42CD1DAF824D00B445FF /* BasicAuthViewController.swift */ = {isa = PBXFileReference; fileEncoding = 4; lastKnownFileType = sourcecode.swift; path = BasicAuthViewController.swift; sourceTree = "<group>"; };
		75AC42CE1DAF824D00B445FF /* CollectionsViewController.swift */ = {isa = PBXFileReference; fileEncoding = 4; lastKnownFileType = sourcecode.swift; path = CollectionsViewController.swift; sourceTree = "<group>"; };
		75AC42D91DAF868400B445FF /* Notifier.swift */ = {isa = PBXFileReference; fileEncoding = 4; lastKnownFileType = sourcecode.swift; path = Notifier.swift; sourceTree = "<group>"; };
		75AC42DB1DAF988700B445FF /* MasterTableDelegate.swift */ = {isa = PBXFileReference; fileEncoding = 4; lastKnownFileType = sourcecode.swift; path = MasterTableDelegate.swift; sourceTree = "<group>"; };
		75AC42DD1DAF988D00B445FF /* DetailTableDelegate.swift */ = {isa = PBXFileReference; fileEncoding = 4; lastKnownFileType = sourcecode.swift; path = DetailTableDelegate.swift; sourceTree = "<group>"; };
		75C120331E682327005E9FD2 /* SAPOfflineOData.framework */ = {isa = PBXFileReference; lastKnownFileType = wrapper.framework; path = SAPOfflineOData.framework; sourceTree = "<group>"; };
		75DD10A31DC1F23B007EB4BC /* TypeValidator.swift */ = {isa = PBXFileReference; fileEncoding = 4; lastKnownFileType = sourcecode.swift; path = TypeValidator.swift; sourceTree = "<group>"; };
		7905849E4FE71DF87915E400 /* MyPrefixMyServiceClassMetadata.swift */ = {isa = PBXFileReference; includeInIndex = 1; lastKnownFileType = sourcecode.swift; name = MyPrefixMyServiceClassMetadata.swift; path = "Proxy Classes/com.sap.OEA.openSAP/public/MyPrefixMyServiceClassMetadata.swift"; sourceTree = "<group>"; };
		7A1315B51D4B982000A5DA56 /* openSAP.app */ = {isa = PBXFileReference; explicitFileType = wrapper.application; includeInIndex = 0; path = openSAP.app; sourceTree = BUILT_PRODUCTS_DIR; };
		7A1315B81D4B982000A5DA56 /* AppDelegate.swift */ = {isa = PBXFileReference; lastKnownFileType = sourcecode.swift; path = AppDelegate.swift; sourceTree = "<group>"; };
		7A1315C11D4B982000A5DA56 /* Assets.xcassets */ = {isa = PBXFileReference; lastKnownFileType = folder.assetcatalog; path = Assets.xcassets; sourceTree = "<group>"; };
		7A1315C41D4B982000A5DA56 /* Base */ = {isa = PBXFileReference; lastKnownFileType = file.storyboard; name = Base; path = Base.lproj/LaunchScreen.storyboard; sourceTree = "<group>"; };
		7A1315C61D4B982000A5DA56 /* Info.plist */ = {isa = PBXFileReference; lastKnownFileType = text.plist.xml; path = Info.plist; sourceTree = "<group>"; };
		7AB2C56C1D50A95E00D1F039 /* Constants.swift */ = {isa = PBXFileReference; fileEncoding = 4; lastKnownFileType = sourcecode.swift; path = Constants.swift; sourceTree = "<group>"; };
		7F8C911F4F9881E99881542C /* MyPrefixProductText.swift */ = {isa = PBXFileReference; includeInIndex = 1; lastKnownFileType = sourcecode.swift; name = MyPrefixProductText.swift; path = "Proxy Classes/com.sap.OEA.openSAP/public/MyPrefixProductText.swift"; sourceTree = "<group>"; };
		8744B77315D8C4918FBD9FC2 /* MyPrefixPurchaseOrderItemDetailTableDelegate.swift */ = {isa = PBXFileReference; includeInIndex = 1; lastKnownFileType = sourcecode.swift; name = MyPrefixPurchaseOrderItemDetailTableDelegate.swift; path = TableDelegates/DetailTableDelegates/MyPrefixPurchaseOrderItemDetailTableDelegate.swift; sourceTree = "<group>"; };
		8CF1E314B98A83ABA7B340D7 /* MyPrefixSalesOrderItemDetailTableDelegate.swift */ = {isa = PBXFileReference; includeInIndex = 1; lastKnownFileType = sourcecode.swift; name = MyPrefixSalesOrderItemDetailTableDelegate.swift; path = TableDelegates/DetailTableDelegates/MyPrefixSalesOrderItemDetailTableDelegate.swift; sourceTree = "<group>"; };
		9560707223C4A5C0CC732569 /* MyPrefixProductTextsMasterTableDelegate.swift */ = {isa = PBXFileReference; includeInIndex = 1; lastKnownFileType = sourcecode.swift; name = MyPrefixProductTextsMasterTableDelegate.swift; path = TableDelegates/MasterTableDelegates/MyPrefixProductTextsMasterTableDelegate.swift; sourceTree = "<group>"; };
		9DCD304D4457423DD611464B /* MyPrefixSalesOrderHeader.swift */ = {isa = PBXFileReference; includeInIndex = 1; lastKnownFileType = sourcecode.swift; name = MyPrefixSalesOrderHeader.swift; path = "Proxy Classes/com.sap.OEA.openSAP/public/MyPrefixSalesOrderHeader.swift"; sourceTree = "<group>"; };
		9E862FF998289A2336F19A76 /* MyPrefixStockMasterTableDelegate.swift */ = {isa = PBXFileReference; includeInIndex = 1; lastKnownFileType = sourcecode.swift; name = MyPrefixStockMasterTableDelegate.swift; path = TableDelegates/MasterTableDelegates/MyPrefixStockMasterTableDelegate.swift; sourceTree = "<group>"; };
		AC6817B1F31C36C4C6F58F46 /* MyPrefixPurchaseOrderItemsMasterTableDelegate.swift */ = {isa = PBXFileReference; includeInIndex = 1; lastKnownFileType = sourcecode.swift; name = MyPrefixPurchaseOrderItemsMasterTableDelegate.swift; path = TableDelegates/MasterTableDelegates/MyPrefixPurchaseOrderItemsMasterTableDelegate.swift; sourceTree = "<group>"; };
		B2344DA16790890CA88EB76E /* MyPrefixProductsMasterTableDelegate.swift */ = {isa = PBXFileReference; includeInIndex = 1; lastKnownFileType = sourcecode.swift; name = MyPrefixProductsMasterTableDelegate.swift; path = TableDelegates/MasterTableDelegates/MyPrefixProductsMasterTableDelegate.swift; sourceTree = "<group>"; };
		BAB6AE0388F3FED965166240 /* MyPrefixProductDetailTableDelegate.swift */ = {isa = PBXFileReference; includeInIndex = 1; lastKnownFileType = sourcecode.swift; name = MyPrefixProductDetailTableDelegate.swift; path = TableDelegates/DetailTableDelegates/MyPrefixProductDetailTableDelegate.swift; sourceTree = "<group>"; };
		C437739A9EAD356719C6F72B /* MyPrefixPurchaseOrderItem.swift */ = {isa = PBXFileReference; includeInIndex = 1; lastKnownFileType = sourcecode.swift; name = MyPrefixPurchaseOrderItem.swift; path = "Proxy Classes/com.sap.OEA.openSAP/public/MyPrefixPurchaseOrderItem.swift"; sourceTree = "<group>"; };
		C92E4519F1F2B379D95610EF /* MyPrefixSalesOrderHeadersMasterTableDelegate.swift */ = {isa = PBXFileReference; includeInIndex = 1; lastKnownFileType = sourcecode.swift; name = MyPrefixSalesOrderHeadersMasterTableDelegate.swift; path = TableDelegates/MasterTableDelegates/MyPrefixSalesOrderHeadersMasterTableDelegate.swift; sourceTree = "<group>"; };
		CB909D801E38CA8800218154 /* Base */ = {isa = PBXFileReference; lastKnownFileType = file.storyboard; name = Base; path = Base.lproj/Main.storyboard; sourceTree = "<group>"; };
		CB9BF1FE1E3A01D0004FE213 /* en */ = {isa = PBXFileReference; lastKnownFileType = text.plist.strings; name = en; path = en.lproj/Main.strings; sourceTree = "<group>"; };
		CBF918201DCC95B30037332A /* LoadingIndicator.swift */ = {isa = PBXFileReference; fileEncoding = 4; lastKnownFileType = sourcecode.swift; path = LoadingIndicator.swift; sourceTree = "<group>"; };
		D6281714EE5BAD735476FC0F /* MyPrefixCustomerDetailTableDelegate.swift */ = {isa = PBXFileReference; includeInIndex = 1; lastKnownFileType = sourcecode.swift; name = MyPrefixCustomerDetailTableDelegate.swift; path = TableDelegates/DetailTableDelegates/MyPrefixCustomerDetailTableDelegate.swift; sourceTree = "<group>"; };
		D6A48BBA4ED6C94F4996D19E /* MyPrefixPurchaseOrderHeadersMasterTableDelegate.swift */ = {isa = PBXFileReference; includeInIndex = 1; lastKnownFileType = sourcecode.swift; name = MyPrefixPurchaseOrderHeadersMasterTableDelegate.swift; path = TableDelegates/MasterTableDelegates/MyPrefixPurchaseOrderHeadersMasterTableDelegate.swift; sourceTree = "<group>"; };
		D82F37B0575975DFAF5A54F2 /* MyPrefixProduct.swift */ = {isa = PBXFileReference; includeInIndex = 1; lastKnownFileType = sourcecode.swift; name = MyPrefixProduct.swift; path = "Proxy Classes/com.sap.OEA.openSAP/public/MyPrefixProduct.swift"; sourceTree = "<group>"; };
/* End PBXFileReference section */

/* Begin PBXFrameworksBuildPhase section */
		7A1315B21D4B982000A5DA56 /* Frameworks */ = {
			isa = PBXFrameworksBuildPhase;
			buildActionMask = 2147483647;
			files = (
				7569DA531E5C717C00C5D751 /* SAPFoundation.framework in Frameworks */,
				756192211DBE1A99007F562C /* SAPOData.framework in Frameworks */,
				75C120341E682327005E9FD2 /* SAPOfflineOData.framework in Frameworks */,
				128604DA1E55B41600C698B5 /* SAPCommon.framework in Frameworks */,
				759BA2701E6821A7001C32BA /* SAPFiori.framework in Frameworks */,
			);
			runOnlyForDeploymentPostprocessing = 0;
		};
/* End PBXFrameworksBuildPhase section */

/* Begin PBXGroup section */
		409BC721AC484D5DF5A057C4 /* com.sap.OEA.openSAP */ = {
			isa = PBXGroup;
			children = (
				FCFB3365E6A1A6C60353D676 /* public */,
			);
			name = com.sap.OEA.openSAP;
			sourceTree = "<group>";
		};
		7532C1BB1D5B6917004B03AF /* Model */ = {
			isa = PBXGroup;
			children = (
				7AB2C56C1D50A95E00D1F039 /* Constants.swift */,
				12E07EF11E96851800460A94 /* CollectionType.swift */,
				6D94B281C22C10A9869C49C8 /* MyPrefixMyServiceClassDataAccess.swift */,
			);
			name = Model;
			sourceTree = "<group>";
		};
		755C10B41D5C63B000ECF6A2 /* Utils */ = {
			isa = PBXGroup;
			children = (
				CBF918201DCC95B30037332A /* LoadingIndicator.swift */,
				75AC42D91DAF868400B445FF /* Notifier.swift */,
				75DD10A31DC1F23B007EB4BC /* TypeValidator.swift */,
			);
			name = Utils;
			sourceTree = "<group>";
		};
		75AC42C11DAF7F6300B445FF /* TableDelegates */ = {
			isa = PBXGroup;
			children = (
				75AC42C31DAF7F8400B445FF /* DetailTableDelegates */,
				75AC42C21DAF7F7700B445FF /* MasterTableDelegates */,
			);
			name = TableDelegates;
			sourceTree = "<group>";
		};
		75AC42C21DAF7F7700B445FF /* MasterTableDelegates */ = {
			isa = PBXGroup;
			children = (
				75AC42DB1DAF988700B445FF /* MasterTableDelegate.swift */,
				D6A48BBA4ED6C94F4996D19E /* MyPrefixPurchaseOrderHeadersMasterTableDelegate.swift */,
				AC6817B1F31C36C4C6F58F46 /* MyPrefixPurchaseOrderItemsMasterTableDelegate.swift */,
				9560707223C4A5C0CC732569 /* MyPrefixProductTextsMasterTableDelegate.swift */,
				1C26A8211EA10C22F3A2F6F3 /* MyPrefixCustomersMasterTableDelegate.swift */,
				1037610A5DECB42F5D146A3D /* MyPrefixProductCategoriesMasterTableDelegate.swift */,
				08C8C3685CEEFB4F18B28247 /* MyPrefixSuppliersMasterTableDelegate.swift */,
				4C8DE4F0E41FB89F744C8FA0 /* MyPrefixSalesOrderItemsMasterTableDelegate.swift */,
				C92E4519F1F2B379D95610EF /* MyPrefixSalesOrderHeadersMasterTableDelegate.swift */,
				9E862FF998289A2336F19A76 /* MyPrefixStockMasterTableDelegate.swift */,
				B2344DA16790890CA88EB76E /* MyPrefixProductsMasterTableDelegate.swift */,
			);
			name = MasterTableDelegates;
			sourceTree = "<group>";
		};
		75AC42C31DAF7F8400B445FF /* DetailTableDelegates */ = {
			isa = PBXGroup;
			children = (
				75AC42DD1DAF988D00B445FF /* DetailTableDelegate.swift */,
				8CF1E314B98A83ABA7B340D7 /* MyPrefixSalesOrderItemDetailTableDelegate.swift */,
				6D9065564F6D93077B8A94A9 /* MyPrefixSupplierDetailTableDelegate.swift */,
				35D1BA5748508A736285F972 /* MyPrefixProductTextDetailTableDelegate.swift */,
				8744B77315D8C4918FBD9FC2 /* MyPrefixPurchaseOrderItemDetailTableDelegate.swift */,
				D6281714EE5BAD735476FC0F /* MyPrefixCustomerDetailTableDelegate.swift */,
				44F7350E49AEDA7CB5C1121C /* MyPrefixPurchaseOrderHeaderDetailTableDelegate.swift */,
				3B48A0BFDF1CF7DB3E204946 /* MyPrefixProductCategoryDetailTableDelegate.swift */,
				6B7406ACE92AD02D648D93BB /* MyPrefixStockDetailTableDelegate.swift */,
				73C22ECB0684AB503D0D3B10 /* MyPrefixSalesOrderHeaderDetailTableDelegate.swift */,
				BAB6AE0388F3FED965166240 /* MyPrefixProductDetailTableDelegate.swift */,
			);
			name = DetailTableDelegates;
			sourceTree = "<group>";
		};
		75AC42C81DAF80C000B445FF /* ViewControllers */ = {
			isa = PBXGroup;
			children = (
				75AC42CB1DAF824D00B445FF /* MasterViewController.swift */,
				75AC42CC1DAF824D00B445FF /* DetailViewController.swift */,
				75AC42CD1DAF824D00B445FF /* BasicAuthViewController.swift */,
				75AC42CE1DAF824D00B445FF /* CollectionsViewController.swift */,
			);
			name = ViewControllers;
			sourceTree = "<group>";
		};
		75D373EF1DD1FB0800888D4C /* Proxy Classes */ = {
			isa = PBXGroup;
			children = (
				409BC721AC484D5DF5A057C4 /* com.sap.OEA.openSAP */,
			);
			name = "Proxy Classes";
			sourceTree = "<group>";
		};
		7A1315AC1D4B982000A5DA56 = {
			isa = PBXGroup;
			children = (
				7A1315B71D4B982000A5DA56 /* openSAP */,
				7A1315B61D4B982000A5DA56 /* Products */,
				7A1315CC1D4B990B00A5DA56 /* Frameworks */,
			);
			sourceTree = "<group>";
		};
		7A1315B61D4B982000A5DA56 /* Products */ = {
			isa = PBXGroup;
			children = (
				7A1315B51D4B982000A5DA56 /* openSAP.app */,
			);
			name = Products;
			sourceTree = "<group>";
		};
		7A1315B71D4B982000A5DA56 /* openSAP */ = {
			isa = PBXGroup;
			children = (
				7532C1BB1D5B6917004B03AF /* Model */,
				75AC42C81DAF80C000B445FF /* ViewControllers */,
				75AC42C11DAF7F6300B445FF /* TableDelegates */,
				75D373EF1DD1FB0800888D4C /* Proxy Classes */,
				755C10B41D5C63B000ECF6A2 /* Utils */,
				7A1315B81D4B982000A5DA56 /* AppDelegate.swift */,
				CBCA7A9B1E3778A9001AF49E /* Main.storyboard */,
				7A1315C11D4B982000A5DA56 /* Assets.xcassets */,
				7A1315C31D4B982000A5DA56 /* LaunchScreen.storyboard */,
				7A1315C61D4B982000A5DA56 /* Info.plist */,
			);
			path = openSAP;
			sourceTree = "<group>";
		};
		7A1315CC1D4B990B00A5DA56 /* Frameworks */ = {
			isa = PBXGroup;
			children = (
				75C120331E682327005E9FD2 /* SAPOfflineOData.framework */,
				759BA26F1E6821A7001C32BA /* SAPFiori.framework */,
				7569DA511E5C716A00C5D751 /* SAPFoundation.framework */,
				7561921A1DBE1A90007F562C /* SAPOData.framework */,
				128604D91E55B41600C698B5 /* SAPCommon.framework */,
			);
			name = Frameworks;
			sourceTree = "<group>";
		};
		FCFB3365E6A1A6C60353D676 /* public */ = {
			isa = PBXGroup;
			children = (
				30D59BEA222951DB918F209E /* MyPrefixCustomer.swift */,
				15588C5E5CD69037C561B465 /* MyPrefixMyServiceClass.swift */,
				7905849E4FE71DF87915E400 /* MyPrefixMyServiceClassMetadata.swift */,
				D82F37B0575975DFAF5A54F2 /* MyPrefixProduct.swift */,
				717E363F92B4ED6257F9AC8D /* MyPrefixProductCategory.swift */,
				7F8C911F4F9881E99881542C /* MyPrefixProductText.swift */,
				660B2A62AF262EF7A67D4F6F /* MyPrefixPurchaseOrderHeader.swift */,
				C437739A9EAD356719C6F72B /* MyPrefixPurchaseOrderItem.swift */,
				9DCD304D4457423DD611464B /* MyPrefixSalesOrderHeader.swift */,
				1082D58ACE5B3A4C3A26FC41 /* MyPrefixSalesOrderItem.swift */,
				61F7C81AA2E826FC3C1044F6 /* MyPrefixStock.swift */,
				6A943DB8AE80204BDE534CD1 /* MyPrefixSupplier.swift */,
			);
			name = public;
			sourceTree = "<group>";
		};
/* End PBXGroup section */

/* Begin PBXNativeTarget section */
		7A1315B41D4B982000A5DA56 /* openSAP */ = {
			isa = PBXNativeTarget;
			buildConfigurationList = 7A1315C91D4B982000A5DA56 /* Build configuration list for PBXNativeTarget "openSAP" */;
			buildPhases = (
				7A1315B11D4B982000A5DA56 /* Sources */,
				7A1315B21D4B982000A5DA56 /* Frameworks */,
				7A1315B31D4B982000A5DA56 /* Resources */,
				758AC1C31D5A265200311F39 /* Embed Frameworks */,
			);
			buildRules = (
			);
			dependencies = (
			);
			name = openSAP;
			productName = openSAP;
			productReference = 7A1315B51D4B982000A5DA56 /* openSAP.app */;
			productType = "com.apple.product-type.application";
		};
/* End PBXNativeTarget section */

/* Begin PBXProject section */
		7A1315AD1D4B982000A5DA56 /* Project object */ = {
			isa = PBXProject;
			attributes = {
				LastSwiftUpdateCheck = 0800;
				LastUpgradeCheck = 0810;
				ORGANIZATIONNAME = SAP;
				TargetAttributes = {
					7A1315B41D4B982000A5DA56 = {
						CreatedOnToolsVersion = 8.0;
						ProvisioningStyle = Automatic;
					};
				};
			};
			buildConfigurationList = 7A1315B01D4B982000A5DA56 /* Build configuration list for PBXProject "openSAP" */;
			compatibilityVersion = "Xcode 3.2";
			developmentRegion = English;
			hasScannedForEncodings = 0;
			knownRegions = (
				en,
				Base,
			);
			mainGroup = 7A1315AC1D4B982000A5DA56;
			productRefGroup = 7A1315B61D4B982000A5DA56 /* Products */;
			projectDirPath = "";
			projectRoot = "";
			targets = (
				7A1315B41D4B982000A5DA56 /* openSAP */,
			);
		};
/* End PBXProject section */

/* Begin PBXResourcesBuildPhase section */
		7A1315B31D4B982000A5DA56 /* Resources */ = {
			isa = PBXResourcesBuildPhase;
			buildActionMask = 2147483647;
			files = (
				7A1315C51D4B982000A5DA56 /* LaunchScreen.storyboard in Resources */,
				7A1315C21D4B982000A5DA56 /* Assets.xcassets in Resources */,
				CBCA7A991E3778A9001AF49E /* Main.storyboard in Resources */,
			);
			runOnlyForDeploymentPostprocessing = 0;
		};
/* End PBXResourcesBuildPhase section */

/* Begin PBXSourcesBuildPhase section */
		7A1315B11D4B982000A5DA56 /* Sources */ = {
			isa = PBXSourcesBuildPhase;
			buildActionMask = 2147483647;
			files = (
				753AAE9E1DCA20B400972B8E /* BuildFile in Sources */,
				75AC42D11DAF824D00B445FF /* MasterViewController.swift in Sources */,
				75AC42D21DAF824D00B445FF /* DetailViewController.swift in Sources */,
				75AC42D31DAF824D00B445FF /* BasicAuthViewController.swift in Sources */,
				CBF918211DCC95B30037332A /* LoadingIndicator.swift in Sources */,
				12E07EF21E96851800460A94 /* CollectionType.swift in Sources */,
				753AAE9F1DCA20B400972B8E /* BuildFile in Sources */,
				75AC42DE1DAF988D00B445FF /* DetailTableDelegate.swift in Sources */,
				7AB2C56D1D50A95E00D1F039 /* Constants.swift in Sources */,
				75DD10A41DC1F23B007EB4BC /* TypeValidator.swift in Sources */,
				75AC42D41DAF824D00B445FF /* CollectionsViewController.swift in Sources */,
				75AC42DC1DAF988700B445FF /* MasterTableDelegate.swift in Sources */,
				7A1315B91D4B982000A5DA56 /* AppDelegate.swift in Sources */,
				75AC42DA1DAF868400B445FF /* Notifier.swift in Sources */,
				6CA432C9A886C7720B7B9E4A /* MyPrefixCustomer.swift in Sources */,
				5D4B7D9CCA269034241BBFCC /* MyPrefixMyServiceClass.swift in Sources */,
				AB6C244F3CD030523325D492 /* MyPrefixMyServiceClassMetadata.swift in Sources */,
				B217D321AEA2A987EA4F8E52 /* MyPrefixProduct.swift in Sources */,
				3B4E017F2763B66D44C04565 /* MyPrefixProductCategory.swift in Sources */,
				8BA22B94F7C89A4D7D772BEA /* MyPrefixProductText.swift in Sources */,
				C438A7C788E707B29B5403C1 /* MyPrefixPurchaseOrderHeader.swift in Sources */,
				E0C093C315FD6396CC77E8ED /* MyPrefixPurchaseOrderItem.swift in Sources */,
				2D6912F123CFB4E14615EFFE /* MyPrefixSalesOrderHeader.swift in Sources */,
				1D4891C551B203C9B1E8DDB4 /* MyPrefixSalesOrderItem.swift in Sources */,
				EF3F447C2D7115F289D2CCA7 /* MyPrefixStock.swift in Sources */,
				80BDD065AEB006CD67CE09E6 /* MyPrefixSupplier.swift in Sources */,
				475DE5163AF762C1E48B6AE6 /* MyPrefixMyServiceClassDataAccess.swift in Sources */,
				E5D4FC06D94C64149DBA0572 /* MyPrefixSalesOrderItemDetailTableDelegate.swift in Sources */,
				EB6FA23F7C4A55021A9661D1 /* MyPrefixSupplierDetailTableDelegate.swift in Sources */,
				C1416F94B2639D5A9F73C8CC /* MyPrefixProductTextDetailTableDelegate.swift in Sources */,
				808F73F242D5B942C7194333 /* MyPrefixPurchaseOrderItemDetailTableDelegate.swift in Sources */,
				CD4537597E09E6F6092744E3 /* MyPrefixCustomerDetailTableDelegate.swift in Sources */,
				67EEAD615D8AED8C46E92491 /* MyPrefixPurchaseOrderHeaderDetailTableDelegate.swift in Sources */,
				87267C6C27249E1BC3202F83 /* MyPrefixProductCategoryDetailTableDelegate.swift in Sources */,
				BB9E02EFFDF30CA8189D627C /* MyPrefixStockDetailTableDelegate.swift in Sources */,
				53C6103E921BEFB8FAA88360 /* MyPrefixSalesOrderHeaderDetailTableDelegate.swift in Sources */,
				666AFB2AE107413BEA747B1E /* MyPrefixProductDetailTableDelegate.swift in Sources */,
				E5665711A0AE9F4F5D4475C0 /* MyPrefixPurchaseOrderHeadersMasterTableDelegate.swift in Sources */,
				622126306E2794B2E854CC2B /* MyPrefixPurchaseOrderItemsMasterTableDelegate.swift in Sources */,
				FBF739BC5859C5149D43EE2A /* MyPrefixProductTextsMasterTableDelegate.swift in Sources */,
				04F2E21F6F389234FAA67C4A /* MyPrefixCustomersMasterTableDelegate.swift in Sources */,
				F83E1A073453ED17C6E24FB6 /* MyPrefixProductCategoriesMasterTableDelegate.swift in Sources */,
				9AE44356A2D8DB91549E44C6 /* MyPrefixSuppliersMasterTableDelegate.swift in Sources */,
				968B2546228324B1D134565D /* MyPrefixSalesOrderItemsMasterTableDelegate.swift in Sources */,
				AED0E69AA777D345CB085279 /* MyPrefixSalesOrderHeadersMasterTableDelegate.swift in Sources */,
				09D86AB8A9E842C92011F487 /* MyPrefixStockMasterTableDelegate.swift in Sources */,
				21D9606352A7CE1987ADB1FA /* MyPrefixProductsMasterTableDelegate.swift in Sources */,
			);
			runOnlyForDeploymentPostprocessing = 0;
		};
/* End PBXSourcesBuildPhase section */

/* Begin PBXVariantGroup section */
		7A1315C31D4B982000A5DA56 /* LaunchScreen.storyboard */ = {
			isa = PBXVariantGroup;
			children = (
				7A1315C41D4B982000A5DA56 /* Base */,
			);
			name = LaunchScreen.storyboard;
			sourceTree = "<group>";
		};
		CBCA7A9B1E3778A9001AF49E /* Main.storyboard */ = {
			isa = PBXVariantGroup;
			children = (
				CB909D801E38CA8800218154 /* Base */,
				CB9BF1FE1E3A01D0004FE213 /* en */,
			);
			name = Main.storyboard;
			sourceTree = "<group>";
		};
/* End PBXVariantGroup section */

/* Begin XCBuildConfiguration section */
		7A1315C71D4B982000A5DA56 /* Debug */ = {
			isa = XCBuildConfiguration;
			buildSettings = {
				ALWAYS_SEARCH_USER_PATHS = NO;
				CLANG_ANALYZER_NONNULL = YES;
				CLANG_CXX_LANGUAGE_STANDARD = "gnu++0x";
				CLANG_CXX_LIBRARY = "libc++";
				CLANG_ENABLE_MODULES = YES;
				CLANG_ENABLE_OBJC_ARC = YES;
				CLANG_WARN_BOOL_CONVERSION = YES;
				CLANG_WARN_CONSTANT_CONVERSION = YES;
				CLANG_WARN_DIRECT_OBJC_ISA_USAGE = YES_ERROR;
				CLANG_WARN_DOCUMENTATION_COMMENTS = YES;
				CLANG_WARN_EMPTY_BODY = YES;
				CLANG_WARN_ENUM_CONVERSION = YES;
				CLANG_WARN_INFINITE_RECURSION = YES;
				CLANG_WARN_INT_CONVERSION = YES;
				CLANG_WARN_OBJC_ROOT_CLASS = YES_ERROR;
				CLANG_WARN_SUSPICIOUS_MOVE = YES;
				CLANG_WARN_UNREACHABLE_CODE = YES;
				CLANG_WARN__DUPLICATE_METHOD_MATCH = YES;
				"CODE_SIGN_IDENTITY[sdk=iphoneos*]" = "iPhone Developer";
				COPY_PHASE_STRIP = NO;
				DEBUG_INFORMATION_FORMAT = dwarf;
				ENABLE_STRICT_OBJC_MSGSEND = YES;
				ENABLE_TESTABILITY = YES;
				GCC_C_LANGUAGE_STANDARD = gnu99;
				GCC_DYNAMIC_NO_PIC = NO;
				GCC_NO_COMMON_BLOCKS = YES;
				GCC_OPTIMIZATION_LEVEL = 0;
				GCC_PREPROCESSOR_DEFINITIONS = (
					"DEBUG=1",
					"$(inherited)",
				);
				GCC_WARN_64_TO_32_BIT_CONVERSION = YES;
				GCC_WARN_ABOUT_RETURN_TYPE = YES_ERROR;
				GCC_WARN_UNDECLARED_SELECTOR = YES;
				GCC_WARN_UNINITIALIZED_AUTOS = YES_AGGRESSIVE;
				GCC_WARN_UNUSED_FUNCTION = YES;
				GCC_WARN_UNUSED_VARIABLE = YES;
				IPHONEOS_DEPLOYMENT_TARGET = 10.1;
				LD_RUNPATH_SEARCH_PATHS = "@executable_path/Frameworks";
				MTL_ENABLE_DEBUG_INFO = YES;
				ONLY_ACTIVE_ARCH = YES;
				SDKROOT = iphoneos;
				SWIFT_ACTIVE_COMPILATION_CONDITIONS = DEBUG;
				SWIFT_OPTIMIZATION_LEVEL = "-Onone";
				TARGETED_DEVICE_FAMILY = "1,2";
			};
			name = Debug;
		};
		7A1315C81D4B982000A5DA56 /* Release */ = {
			isa = XCBuildConfiguration;
			buildSettings = {
				ALWAYS_SEARCH_USER_PATHS = NO;
				CLANG_ANALYZER_NONNULL = YES;
				CLANG_CXX_LANGUAGE_STANDARD = "gnu++0x";
				CLANG_CXX_LIBRARY = "libc++";
				CLANG_ENABLE_MODULES = YES;
				CLANG_ENABLE_OBJC_ARC = YES;
				CLANG_WARN_BOOL_CONVERSION = YES;
				CLANG_WARN_CONSTANT_CONVERSION = YES;
				CLANG_WARN_DIRECT_OBJC_ISA_USAGE = YES_ERROR;
				CLANG_WARN_DOCUMENTATION_COMMENTS = YES;
				CLANG_WARN_EMPTY_BODY = YES;
				CLANG_WARN_ENUM_CONVERSION = YES;
				CLANG_WARN_INFINITE_RECURSION = YES;
				CLANG_WARN_INT_CONVERSION = YES;
				CLANG_WARN_OBJC_ROOT_CLASS = YES_ERROR;
				CLANG_WARN_SUSPICIOUS_MOVE = YES;
				CLANG_WARN_UNREACHABLE_CODE = YES;
				CLANG_WARN__DUPLICATE_METHOD_MATCH = YES;
				"CODE_SIGN_IDENTITY[sdk=iphoneos*]" = "iPhone Developer";
				COPY_PHASE_STRIP = NO;
				DEBUG_INFORMATION_FORMAT = "dwarf-with-dsym";
				ENABLE_NS_ASSERTIONS = NO;
				ENABLE_STRICT_OBJC_MSGSEND = YES;
				GCC_C_LANGUAGE_STANDARD = gnu99;
				GCC_NO_COMMON_BLOCKS = YES;
				GCC_WARN_64_TO_32_BIT_CONVERSION = YES;
				GCC_WARN_ABOUT_RETURN_TYPE = YES_ERROR;
				GCC_WARN_UNDECLARED_SELECTOR = YES;
				GCC_WARN_UNINITIALIZED_AUTOS = YES_AGGRESSIVE;
				GCC_WARN_UNUSED_FUNCTION = YES;
				GCC_WARN_UNUSED_VARIABLE = YES;
				IPHONEOS_DEPLOYMENT_TARGET = 10.1;
				LD_RUNPATH_SEARCH_PATHS = "@executable_path/Frameworks";
				MTL_ENABLE_DEBUG_INFO = NO;
				SDKROOT = iphoneos;
				SWIFT_OPTIMIZATION_LEVEL = "-Owholemodule";
				TARGETED_DEVICE_FAMILY = "1,2";
				VALIDATE_PRODUCT = YES;
			};
			name = Release;
		};
		7A1315CA1D4B982000A5DA56 /* Debug */ = {
			isa = XCBuildConfiguration;
			buildSettings = {
				ASSETCATALOG_COMPILER_APPICON_NAME = AppIcon;
				CODE_SIGN_ENTITLEMENTS = "";
				CODE_SIGN_IDENTITY = "iPhone Developer";
				DEVELOPMENT_TEAM = "";
				EMBED_ASSET_PACKS_IN_PRODUCT_BUNDLE = NO;
				ENABLE_BITCODE = NO;
				FRAMEWORK_SEARCH_PATHS = (
					"$(inherited)",
					"$(PROJECT_DIR)",
				);
				INFOPLIST_FILE = openSAP/Info.plist;
				IPHONEOS_DEPLOYMENT_TARGET = 10.2;
				LD_RUNPATH_SEARCH_PATHS = "$(inherited) @executable_path/Frameworks";
				PRODUCT_BUNDLE_IDENTIFIER = com.sap.OEA.openSAP;
				PRODUCT_NAME = "$(TARGET_NAME)";
				SWIFT_VERSION = 3.0;
			};
			name = Debug;
		};
		7A1315CB1D4B982000A5DA56 /* Release */ = {
			isa = XCBuildConfiguration;
			buildSettings = {
				ASSETCATALOG_COMPILER_APPICON_NAME = AppIcon;
				CODE_SIGN_ENTITLEMENTS = "";
				CODE_SIGN_IDENTITY = "iPhone Developer";
				DEVELOPMENT_TEAM = "";
				EMBED_ASSET_PACKS_IN_PRODUCT_BUNDLE = NO;
				ENABLE_BITCODE = NO;
				FRAMEWORK_SEARCH_PATHS = (
					"$(inherited)",
					"$(PROJECT_DIR)",
				);
				INFOPLIST_FILE = openSAP/Info.plist;
				IPHONEOS_DEPLOYMENT_TARGET = 10.2;
				LD_RUNPATH_SEARCH_PATHS = "$(inherited) @executable_path/Frameworks";
				PRODUCT_BUNDLE_IDENTIFIER = com.sap.OEA.openSAP;
				PRODUCT_NAME = "$(TARGET_NAME)";
				SWIFT_VERSION = 3.0;
			};
			name = Release;
		};
/* End XCBuildConfiguration section */

/* Begin XCConfigurationList section */
		7A1315B01D4B982000A5DA56 /* Build configuration list for PBXProject "openSAP" */ = {
			isa = XCConfigurationList;
			buildConfigurations = (
				7A1315C71D4B982000A5DA56 /* Debug */,
				7A1315C81D4B982000A5DA56 /* Release */,
			);
			defaultConfigurationIsVisible = 0;
			defaultConfigurationName = Release;
		};
		7A1315C91D4B982000A5DA56 /* Build configuration list for PBXNativeTarget "openSAP" */ = {
			isa = XCConfigurationList;
			buildConfigurations = (
				7A1315CA1D4B982000A5DA56 /* Debug */,
				7A1315CB1D4B982000A5DA56 /* Release */,
			);
			defaultConfigurationIsVisible = 0;
			defaultConfigurationName = Release;
		};
/* End XCConfigurationList section */
	};
	rootObject = 7A1315AD1D4B982000A5DA56 /* Project object */;
}
